
Microsoft Visual Studio Solution File, Format Version 12.00
# Visual Studio Version 17
VisualStudioVersion = 17.7.34031.279
MinimumVisualStudioVersion = 10.0.40219.1
Project("{FAE04EC0-301F-11D3-BF4B-00C04F79EFBC}") = "IgracAPI", "IgracAPI\IgracAPI.csproj", "{157360C9-1A86-478D-9990-57A31B2ED921}"
EndProject
Global
	GlobalSection(SolutionConfigurationPlatforms) = preSolution
		Debug|Any CPU = Debug|Any CPU
		Release|Any CPU = Release|Any CPU
	EndGlobalSection
	GlobalSection(ProjectConfigurationPlatforms) = postSolution
		{157360C9-1A86-478D-9990-57A31B2ED921}.Debug|Any CPU.ActiveCfg = Debug|Any CPU
		{157360C9-1A86-478D-9990-57A31B2ED921}.Debug|Any CPU.Build.0 = Debug|Any CPU
		{157360C9-1A86-478D-9990-57A31B2ED921}.Release|Any CPU.ActiveCfg = Release|Any CPU
		{157360C9-1A86-478D-9990-57A31B2ED921}.Release|Any CPU.Build.0 = Release|Any CPU
	EndGlobalSection
	GlobalSection(SolutionProperties) = preSolution
		HideSolutionNode = FALSE
	EndGlobalSection
	GlobalSection(ExtensibilityGlobals) = postSolution
		SolutionGuid = {6F965586-C205-4BC4-A245-21FCBE389882}
	EndGlobalSection
EndGlobal
